
Microsoft Visual Studio Solution File, Format Version 12.00
# Visual Studio Version 17
VisualStudioVersion = 17.2.32505.173
MinimumVisualStudioVersion = 10.0.40219.1
Project("{9A19103F-16F7-4668-BE54-9A1E7A4F7556}") = "DnD.Data", "DnD.Data\DnD.Data.csproj", "{BA5F33B1-AF6C-4810-A855-A200FA22F5D5}"
EndProject
Project("{9A19103F-16F7-4668-BE54-9A1E7A4F7556}") = "DnD.Shared", "DnD.Shared\DnD.Shared.csproj", "{20DC9224-1D5D-4286-8B20-6B71078E81EE}"
EndProject
Project("{9A19103F-16F7-4668-BE54-9A1E7A4F7556}") = "DnD.Api", "DnD.Api\DnD.Api.csproj", "{63CCE214-210D-4273-873A-1CF294656A72}"
EndProject
Project("{9A19103F-16F7-4668-BE54-9A1E7A4F7556}") = "DnD.Web", "DnD.Web\DnD.Web.csproj", "{37368FF1-C549-4863-B546-9196254D1248}"
EndProject
Project("{9A19103F-16F7-4668-BE54-9A1E7A4F7556}") = "DnD.Identity", "DnD.Identity\DnD.Identity.csproj", "{BA94C3BC-68E9-4050-AD9D-6B19887DC9DE}"
EndProject
Project("{FAE04EC0-301F-11D3-BF4B-00C04F79EFBC}") = "ApiGateway", "ApiGateway\ApiGateway.csproj", "{89A09965-E90D-48CB-B4C9-FF686924A5C4}"
EndProject
Global
	GlobalSection(SolutionConfigurationPlatforms) = preSolution
		Debug|Any CPU = Debug|Any CPU
		Release|Any CPU = Release|Any CPU
	EndGlobalSection
	GlobalSection(ProjectConfigurationPlatforms) = postSolution
		{BA5F33B1-AF6C-4810-A855-A200FA22F5D5}.Debug|Any CPU.ActiveCfg = Debug|Any CPU
		{BA5F33B1-AF6C-4810-A855-A200FA22F5D5}.Debug|Any CPU.Build.0 = Debug|Any CPU
		{BA5F33B1-AF6C-4810-A855-A200FA22F5D5}.Release|Any CPU.ActiveCfg = Release|Any CPU
		{BA5F33B1-AF6C-4810-A855-A200FA22F5D5}.Release|Any CPU.Build.0 = Release|Any CPU
		{20DC9224-1D5D-4286-8B20-6B71078E81EE}.Debug|Any CPU.ActiveCfg = Debug|Any CPU
		{20DC9224-1D5D-4286-8B20-6B71078E81EE}.Debug|Any CPU.Build.0 = Debug|Any CPU
		{20DC9224-1D5D-4286-8B20-6B71078E81EE}.Release|Any CPU.ActiveCfg = Release|Any CPU
		{20DC9224-1D5D-4286-8B20-6B71078E81EE}.Release|Any CPU.Build.0 = Release|Any CPU
		{63CCE214-210D-4273-873A-1CF294656A72}.Debug|Any CPU.ActiveCfg = Debug|Any CPU
		{63CCE214-210D-4273-873A-1CF294656A72}.Debug|Any CPU.Build.0 = Debug|Any CPU
		{63CCE214-210D-4273-873A-1CF294656A72}.Release|Any CPU.ActiveCfg = Release|Any CPU
		{63CCE214-210D-4273-873A-1CF294656A72}.Release|Any CPU.Build.0 = Release|Any CPU
		{37368FF1-C549-4863-B546-9196254D1248}.Debug|Any CPU.ActiveCfg = Debug|Any CPU
		{37368FF1-C549-4863-B546-9196254D1248}.Debug|Any CPU.Build.0 = Debug|Any CPU
		{37368FF1-C549-4863-B546-9196254D1248}.Release|Any CPU.ActiveCfg = Release|Any CPU
		{37368FF1-C549-4863-B546-9196254D1248}.Release|Any CPU.Build.0 = Release|Any CPU
		{BA94C3BC-68E9-4050-AD9D-6B19887DC9DE}.Debug|Any CPU.ActiveCfg = Debug|Any CPU
		{BA94C3BC-68E9-4050-AD9D-6B19887DC9DE}.Debug|Any CPU.Build.0 = Debug|Any CPU
		{BA94C3BC-68E9-4050-AD9D-6B19887DC9DE}.Release|Any CPU.ActiveCfg = Release|Any CPU
		{BA94C3BC-68E9-4050-AD9D-6B19887DC9DE}.Release|Any CPU.Build.0 = Release|Any CPU
		{89A09965-E90D-48CB-B4C9-FF686924A5C4}.Debug|Any CPU.ActiveCfg = Debug|Any CPU
		{89A09965-E90D-48CB-B4C9-FF686924A5C4}.Debug|Any CPU.Build.0 = Debug|Any CPU
		{89A09965-E90D-48CB-B4C9-FF686924A5C4}.Release|Any CPU.ActiveCfg = Release|Any CPU
		{89A09965-E90D-48CB-B4C9-FF686924A5C4}.Release|Any CPU.Build.0 = Release|Any CPU
	EndGlobalSection
	GlobalSection(SolutionProperties) = preSolution
		HideSolutionNode = FALSE
	EndGlobalSection
	GlobalSection(ExtensibilityGlobals) = postSolution
		SolutionGuid = {BFADA0DB-C8F2-44F2-B66D-EB297677EF1D}
	EndGlobalSection
EndGlobal
